
Microsoft Visual Studio Solution File, Format Version 12.00
# Visual Studio Version 17
VisualStudioVersion = 17.5.33530.505
MinimumVisualStudioVersion = 10.0.40219.1
Project("{FAE04EC0-301F-11D3-BF4B-00C04F79EFBC}") = "APICatalogo", "APICatalogo\APICatalogo.csproj", "{67E45F35-F216-4E5C-9080-27BF4032730F}"
EndProject
Global
	GlobalSection(SolutionConfigurationPlatforms) = preSolution
		Debug|Any CPU = Debug|Any CPU
		Release|Any CPU = Release|Any CPU
	EndGlobalSection
	GlobalSection(ProjectConfigurationPlatforms) = postSolution
		{67E45F35-F216-4E5C-9080-27BF4032730F}.Debug|Any CPU.ActiveCfg = Debug|Any CPU
		{67E45F35-F216-4E5C-9080-27BF4032730F}.Debug|Any CPU.Build.0 = Debug|Any CPU
		{67E45F35-F216-4E5C-9080-27BF4032730F}.Release|Any CPU.ActiveCfg = Release|Any CPU
		{67E45F35-F216-4E5C-9080-27BF4032730F}.Release|Any CPU.Build.0 = Release|Any CPU
	EndGlobalSection
	GlobalSection(SolutionProperties) = preSolution
		HideSolutionNode = FALSE
	EndGlobalSection
	GlobalSection(ExtensibilityGlobals) = postSolution
		SolutionGuid = {0DC6DDFD-D037-4B2B-9E33-A501CB6AD1D6}
	EndGlobalSection
EndGlobal
